
Microsoft Visual Studio Solution File, Format Version 12.00
# Visual Studio Version 17
VisualStudioVersion = 17.4.33213.308
MinimumVisualStudioVersion = 10.0.40219.1
Project("{FAE04EC0-301F-11D3-BF4B-00C04F79EFBC}") = "Debugging", "Debugging.csproj", "{65F63E59-6EFE-4ECA-99A8-B5661FEF560A}"
EndProject
Global
	GlobalSection(SolutionConfigurationPlatforms) = preSolution
		Debug|Any CPU = Debug|Any CPU
		Release|Any CPU = Release|Any CPU
	EndGlobalSection
	GlobalSection(ProjectConfigurationPlatforms) = postSolution
		{65F63E59-6EFE-4ECA-99A8-B5661FEF560A}.Debug|Any CPU.ActiveCfg = Debug|Any CPU
		{65F63E59-6EFE-4ECA-99A8-B5661FEF560A}.Debug|Any CPU.Build.0 = Debug|Any CPU
		{65F63E59-6EFE-4ECA-99A8-B5661FEF560A}.Release|Any CPU.ActiveCfg = Release|Any CPU
		{65F63E59-6EFE-4ECA-99A8-B5661FEF560A}.Release|Any CPU.Build.0 = Release|Any CPU
	EndGlobalSection
	GlobalSection(SolutionProperties) = preSolution
		HideSolutionNode = FALSE
	EndGlobalSection
	GlobalSection(ExtensibilityGlobals) = postSolution
		SolutionGuid = {EB4EE8CB-13A3-40A2-97DF-59AAB0C5826E}
	EndGlobalSection
EndGlobal
